
Microsoft Visual Studio Solution File, Format Version 12.00
# Visual Studio 15
VisualStudioVersion = 15.0.27130.2010
MinimumVisualStudioVersion = 10.0.40219.1
Project("{8BC9CEB8-8B4A-11D0-8D11-00A0C91BC942}") = "KinectTaiji", "KinectTaiji\KinectTaiji.vcxproj", "{9D89F131-9400-451F-8447-76ED5C563385}"
EndProject
Project("{FAE04EC0-301F-11D3-BF4B-00C04F79EFBC}") = "KinectCSharp", "KinectCSharp\KinectCSharp.csproj", "{48E95BA7-86C5-4F32-946D-C952FBDBD8ED}"
EndProject
Project("{FAE04EC0-301F-11D3-BF4B-00C04F79EFBC}") = "KinectCoreTest", "KinectCoreTest\KinectCoreTest.csproj", "{B651AECC-B722-40C8-8550-E9C68D190EB9}"
EndProject
Global
	GlobalSection(SolutionConfigurationPlatforms) = preSolution
		Debug|Any CPU = Debug|Any CPU
		Debug|x64 = Debug|x64
		Debug|x86 = Debug|x86
		Release|Any CPU = Release|Any CPU
		Release|x64 = Release|x64
		Release|x86 = Release|x86
	EndGlobalSection
	GlobalSection(ProjectConfigurationPlatforms) = postSolution
		{9D89F131-9400-451F-8447-76ED5C563385}.Debug|Any CPU.ActiveCfg = Debug|Win32
		{9D89F131-9400-451F-8447-76ED5C563385}.Debug|x64.ActiveCfg = Debug|x64
		{9D89F131-9400-451F-8447-76ED5C563385}.Debug|x64.Build.0 = Debug|x64
		{9D89F131-9400-451F-8447-76ED5C563385}.Debug|x86.ActiveCfg = Debug|Win32
		{9D89F131-9400-451F-8447-76ED5C563385}.Debug|x86.Build.0 = Debug|Win32
		{9D89F131-9400-451F-8447-76ED5C563385}.Release|Any CPU.ActiveCfg = Release|Win32
		{9D89F131-9400-451F-8447-76ED5C563385}.Release|x64.ActiveCfg = Release|x64
		{9D89F131-9400-451F-8447-76ED5C563385}.Release|x64.Build.0 = Release|x64
		{9D89F131-9400-451F-8447-76ED5C563385}.Release|x86.ActiveCfg = Release|Win32
		{9D89F131-9400-451F-8447-76ED5C563385}.Release|x86.Build.0 = Release|Win32
		{48E95BA7-86C5-4F32-946D-C952FBDBD8ED}.Debug|Any CPU.ActiveCfg = Debug|Any CPU
		{48E95BA7-86C5-4F32-946D-C952FBDBD8ED}.Debug|Any CPU.Build.0 = Debug|Any CPU
		{48E95BA7-86C5-4F32-946D-C952FBDBD8ED}.Debug|x64.ActiveCfg = Debug|Any CPU
		{48E95BA7-86C5-4F32-946D-C952FBDBD8ED}.Debug|x64.Build.0 = Debug|Any CPU
		{48E95BA7-86C5-4F32-946D-C952FBDBD8ED}.Debug|x86.ActiveCfg = Debug|Any CPU
		{48E95BA7-86C5-4F32-946D-C952FBDBD8ED}.Debug|x86.Build.0 = Debug|Any CPU
		{48E95BA7-86C5-4F32-946D-C952FBDBD8ED}.Release|Any CPU.ActiveCfg = Release|Any CPU
		{48E95BA7-86C5-4F32-946D-C952FBDBD8ED}.Release|Any CPU.Build.0 = Release|Any CPU
		{48E95BA7-86C5-4F32-946D-C952FBDBD8ED}.Release|x64.ActiveCfg = Release|Any CPU
		{48E95BA7-86C5-4F32-946D-C952FBDBD8ED}.Release|x64.Build.0 = Release|Any CPU
		{48E95BA7-86C5-4F32-946D-C952FBDBD8ED}.Release|x86.ActiveCfg = Release|Any CPU
		{48E95BA7-86C5-4F32-946D-C952FBDBD8ED}.Release|x86.Build.0 = Release|Any CPU
		{B651AECC-B722-40C8-8550-E9C68D190EB9}.Debug|Any CPU.ActiveCfg = Debug|Any CPU
		{B651AECC-B722-40C8-8550-E9C68D190EB9}.Debug|Any CPU.Build.0 = Debug|Any CPU
		{B651AECC-B722-40C8-8550-E9C68D190EB9}.Debug|x64.ActiveCfg = Debug|Any CPU
		{B651AECC-B722-40C8-8550-E9C68D190EB9}.Debug|x64.Build.0 = Debug|Any CPU
		{B651AECC-B722-40C8-8550-E9C68D190EB9}.Debug|x86.ActiveCfg = Debug|Any CPU
		{B651AECC-B722-40C8-8550-E9C68D190EB9}.Debug|x86.Build.0 = Debug|Any CPU
		{B651AECC-B722-40C8-8550-E9C68D190EB9}.Release|Any CPU.ActiveCfg = Release|Any CPU
		{B651AECC-B722-40C8-8550-E9C68D190EB9}.Release|Any CPU.Build.0 = Release|Any CPU
		{B651AECC-B722-40C8-8550-E9C68D190EB9}.Release|x64.ActiveCfg = Release|Any CPU
		{B651AECC-B722-40C8-8550-E9C68D190EB9}.Release|x64.Build.0 = Release|Any CPU
		{B651AECC-B722-40C8-8550-E9C68D190EB9}.Release|x86.ActiveCfg = Release|Any CPU
		{B651AECC-B722-40C8-8550-E9C68D190EB9}.Release|x86.Build.0 = Release|Any CPU
	EndGlobalSection
	GlobalSection(SolutionProperties) = preSolution
		HideSolutionNode = FALSE
	EndGlobalSection
	GlobalSection(ExtensibilityGlobals) = postSolution
		SolutionGuid = {4A72FA21-9CD3-4071-A9BA-E1DDF6990466}
	EndGlobalSection
EndGlobal
